
Microsoft Visual Studio Solution File, Format Version 12.00
# Visual Studio Version 17
VisualStudioVersion = 17.9.34728.123
MinimumVisualStudioVersion = 10.0.40219.1
Project("{FAE04EC0-301F-11D3-BF4B-00C04F79EFBC}") = "PruebaEntrevista", "PruebaEntrevista\PruebaEntrevista.csproj", "{AEE2DDBF-2E04-42BF-88CA-72235738D366}"
EndProject
Global
	GlobalSection(SolutionConfigurationPlatforms) = preSolution
		Debug|Any CPU = Debug|Any CPU
		Release|Any CPU = Release|Any CPU
	EndGlobalSection
	GlobalSection(ProjectConfigurationPlatforms) = postSolution
		{AEE2DDBF-2E04-42BF-88CA-72235738D366}.Debug|Any CPU.ActiveCfg = Debug|Any CPU
		{AEE2DDBF-2E04-42BF-88CA-72235738D366}.Debug|Any CPU.Build.0 = Debug|Any CPU
		{AEE2DDBF-2E04-42BF-88CA-72235738D366}.Release|Any CPU.ActiveCfg = Release|Any CPU
		{AEE2DDBF-2E04-42BF-88CA-72235738D366}.Release|Any CPU.Build.0 = Release|Any CPU
	EndGlobalSection
	GlobalSection(SolutionProperties) = preSolution
		HideSolutionNode = FALSE
	EndGlobalSection
	GlobalSection(ExtensibilityGlobals) = postSolution
		SolutionGuid = {A89646ED-AF8C-4A7F-A821-573B48AB771B}
	EndGlobalSection
EndGlobal
